
Microsoft Visual Studio Solution File, Format Version 12.00
# Visual Studio Version 17
VisualStudioVersion = 17.3.32811.315
MinimumVisualStudioVersion = 10.0.40219.1
Project("{FAE04EC0-301F-11D3-BF4B-00C04F79EFBC}") = "ConsoleApp1", "ConsoleApp1\ConsoleApp1.csproj", "{87B10E8B-0420-404D-BBB3-C0254AD6AC68}"
EndProject
Project("{E53339B2-1760-4266-BCC7-CA923CBCF16C}") = "docker-compose", "docker-compose.dcproj", "{354699D1-9D3D-4D75-AF17-941C55509436}"
EndProject
Global
	GlobalSection(SolutionConfigurationPlatforms) = preSolution
		Debug|Any CPU = Debug|Any CPU
		Release|Any CPU = Release|Any CPU
	EndGlobalSection
	GlobalSection(ProjectConfigurationPlatforms) = postSolution
		{87B10E8B-0420-404D-BBB3-C0254AD6AC68}.Debug|Any CPU.ActiveCfg = Debug|Any CPU
		{87B10E8B-0420-404D-BBB3-C0254AD6AC68}.Debug|Any CPU.Build.0 = Debug|Any CPU
		{87B10E8B-0420-404D-BBB3-C0254AD6AC68}.Release|Any CPU.ActiveCfg = Release|Any CPU
		{87B10E8B-0420-404D-BBB3-C0254AD6AC68}.Release|Any CPU.Build.0 = Release|Any CPU
		{354699D1-9D3D-4D75-AF17-941C55509436}.Debug|Any CPU.ActiveCfg = Debug|Any CPU
		{354699D1-9D3D-4D75-AF17-941C55509436}.Debug|Any CPU.Build.0 = Debug|Any CPU
		{354699D1-9D3D-4D75-AF17-941C55509436}.Release|Any CPU.ActiveCfg = Release|Any CPU
		{354699D1-9D3D-4D75-AF17-941C55509436}.Release|Any CPU.Build.0 = Release|Any CPU
	EndGlobalSection
	GlobalSection(SolutionProperties) = preSolution
		HideSolutionNode = FALSE
	EndGlobalSection
	GlobalSection(ExtensibilityGlobals) = postSolution
		SolutionGuid = {C856A1F7-575A-4FC5-93C1-3F639872369E}
	EndGlobalSection
EndGlobal
